
Microsoft Visual Studio Solution File, Format Version 12.00
# Visual Studio Version 17
VisualStudioVersion = 17.5.33627.172
MinimumVisualStudioVersion = 10.0.40219.1
Project("{FAE04EC0-301F-11D3-BF4B-00C04F79EFBC}") = "Vezeeta", "Vezeeta\Vezeeta.csproj", "{A7CDF46E-E7E7-403A-8125-E5EF378B7A48}"
EndProject
Global
	GlobalSection(SolutionConfigurationPlatforms) = preSolution
		Debug|Any CPU = Debug|Any CPU
		Release|Any CPU = Release|Any CPU
	EndGlobalSection
	GlobalSection(ProjectConfigurationPlatforms) = postSolution
		{A7CDF46E-E7E7-403A-8125-E5EF378B7A48}.Debug|Any CPU.ActiveCfg = Debug|Any CPU
		{A7CDF46E-E7E7-403A-8125-E5EF378B7A48}.Debug|Any CPU.Build.0 = Debug|Any CPU
		{A7CDF46E-E7E7-403A-8125-E5EF378B7A48}.Release|Any CPU.ActiveCfg = Release|Any CPU
		{A7CDF46E-E7E7-403A-8125-E5EF378B7A48}.Release|Any CPU.Build.0 = Release|Any CPU
	EndGlobalSection
	GlobalSection(SolutionProperties) = preSolution
		HideSolutionNode = FALSE
	EndGlobalSection
	GlobalSection(ExtensibilityGlobals) = postSolution
		SolutionGuid = {CF46FB95-D0BA-43AD-AB81-7EDF29D5AFF5}
	EndGlobalSection
EndGlobal
